{
  "name": "motion-tracker-test",
  "lockfileVersion": 3,
  "requires": true,
  "packages": {
    "": {
      "dependencies": {
        "@mediapipe/tasks-text": "^0.10.22-rc.20250304",
        "@mediapipe/tasks-vision": "^0.10.22-rc.20250304"
      }
    },
    "node_modules/@mediapipe/tasks-text": {
      "version": "0.10.22-rc.20250304",
      "resolved": "https://registry.npmjs.org/@mediapipe/tasks-text/-/tasks-text-0.10.22-rc.20250304.tgz",
      "integrity": "sha512-J2AFxsh+Pra2OZXf+T4iC8p4JeLyLjg7wU7l2mxcNPNY13wmVhYADxkOLSQq7BPRuXj5aBj7A98dBgZh++s6OQ==",
      "license": "Apache-2.0"
    },
    "node_modules/@mediapipe/tasks-vision": {
      "version": "0.10.22-rc.20250304",
      "resolved": "https://registry.npmjs.org/@mediapipe/tasks-vision/-/tasks-vision-0.10.22-rc.20250304.tgz",
      "integrity": "sha512-dElxVXMFGthshfIj+qAVm8KE2jmNo2p8oXFib8WzEjb7GNaX/ClWBc8UJfoSZwjEMVrdHJ4YUfa7P3ifl6MIWw==",
      "license": "Apache-2.0"
    }
  }
}
